
Microsoft Visual Studio Solution File, Format Version 12.00
# Visual Studio Version 17
VisualStudioVersion = 17.11.35222.181
MinimumVisualStudioVersion = 10.0.40219.1
Project("{8BC9CEB8-8B4A-11D0-8D11-00A0C91BC942}") = "ConsoleApplication101", "ConsoleApplication101\ConsoleApplication101.vcxproj", "{F0E7636B-7C13-4F9E-9867-6D314CD9E92A}"
EndProject
Global
	GlobalSection(SolutionConfigurationPlatforms) = preSolution
		Debug|x64 = Debug|x64
		Debug|x86 = Debug|x86
		Release|x64 = Release|x64
		Release|x86 = Release|x86
	EndGlobalSection
	GlobalSection(ProjectConfigurationPlatforms) = postSolution
		{F0E7636B-7C13-4F9E-9867-6D314CD9E92A}.Debug|x64.ActiveCfg = Debug|x64
		{F0E7636B-7C13-4F9E-9867-6D314CD9E92A}.Debug|x64.Build.0 = Debug|x64
		{F0E7636B-7C13-4F9E-9867-6D314CD9E92A}.Debug|x86.ActiveCfg = Debug|Win32
		{F0E7636B-7C13-4F9E-9867-6D314CD9E92A}.Debug|x86.Build.0 = Debug|Win32
		{F0E7636B-7C13-4F9E-9867-6D314CD9E92A}.Release|x64.ActiveCfg = Release|x64
		{F0E7636B-7C13-4F9E-9867-6D314CD9E92A}.Release|x64.Build.0 = Release|x64
		{F0E7636B-7C13-4F9E-9867-6D314CD9E92A}.Release|x86.ActiveCfg = Release|Win32
		{F0E7636B-7C13-4F9E-9867-6D314CD9E92A}.Release|x86.Build.0 = Release|Win32
	EndGlobalSection
	GlobalSection(SolutionProperties) = preSolution
		HideSolutionNode = FALSE
	EndGlobalSection
	GlobalSection(ExtensibilityGlobals) = postSolution
		SolutionGuid = {0B0B03E6-BDC1-4CE1-BB21-D4C34B309C08}
	EndGlobalSection
EndGlobal
